<Solution>
  <Folder Name="/Solution Items/">
    <File Path=".gitattributes" />
    <File Path=".gitignore" />
    <File Path=".mcp.json" />
    <File Path="aspire.config.json" />
    <File Path="Directory.Build.props" />
    <File Path="Directory.Packages.props" />
    <File Path="global.json" />
    <File Path="README.md" />
  </Folder>
  <Folder Name="/src/" />
  <Folder Name="/src/Apps/">
    <Project Path="src/Apps/TeleQ.Web/TeleQ.Web.csproj" />
  </Folder>
  <Folder Name="/src/Aspire/">
    <Project Path="src/Aspire/TeleQ.AppHost/TeleQ.AppHost.csproj" />
    <Project Path="src/Aspire/TeleQ.ServiceDefaults/TeleQ.ServiceDefaults.csproj" />
  </Folder>
  <Folder Name="/src/Backend/">
    <Project Path="src/Backend/TeleQ.Api/TeleQ.Api.csproj" />
    <Project Path="src/Backend/TeleQ.Messaging.Worker/TeleQ.Messaging.Worker.csproj" />
  </Folder>
  <Folder Name="/tests/">
    <Project Path="src/Tests/TeleQ.Tests/TeleQ.Tests.csproj" />
  </Folder>
</Solution>
